
Microsoft Visual Studio Solution File, Format Version 12.00
Project("{FAE04EC0-301F-11D3-BF4B-00C04F79EFBC}") = "ConsoleApp1415", "ConsoleApp1415\ConsoleApp1415.csproj", "{879E248B-3A36-4328-8479-5D4D942CDDC6}"
EndProject
Global
	GlobalSection(SolutionConfigurationPlatforms) = preSolution
		Debug|Any CPU = Debug|Any CPU
		Release|Any CPU = Release|Any CPU
	EndGlobalSection
	GlobalSection(ProjectConfigurationPlatforms) = postSolution
		{879E248B-3A36-4328-8479-5D4D942CDDC6}.Debug|Any CPU.ActiveCfg = Debug|Any CPU
		{879E248B-3A36-4328-8479-5D4D942CDDC6}.Debug|Any CPU.Build.0 = Debug|Any CPU
		{879E248B-3A36-4328-8479-5D4D942CDDC6}.Release|Any CPU.ActiveCfg = Release|Any CPU
		{879E248B-3A36-4328-8479-5D4D942CDDC6}.Release|Any CPU.Build.0 = Release|Any CPU
	EndGlobalSection
EndGlobal
