
Microsoft Visual Studio Solution File, Format Version 12.00
Project("{FAE04EC0-301F-11D3-BF4B-00C04F79EFBC}") = "ConsoleApp1213", "ConsoleApp1213\ConsoleApp1213.csproj", "{FF45A8ED-E1CF-4479-8EFD-458BC8FEF043}"
EndProject
Global
	GlobalSection(SolutionConfigurationPlatforms) = preSolution
		Debug|Any CPU = Debug|Any CPU
		Release|Any CPU = Release|Any CPU
	EndGlobalSection
	GlobalSection(ProjectConfigurationPlatforms) = postSolution
		{FF45A8ED-E1CF-4479-8EFD-458BC8FEF043}.Debug|Any CPU.ActiveCfg = Debug|Any CPU
		{FF45A8ED-E1CF-4479-8EFD-458BC8FEF043}.Debug|Any CPU.Build.0 = Debug|Any CPU
		{FF45A8ED-E1CF-4479-8EFD-458BC8FEF043}.Release|Any CPU.ActiveCfg = Release|Any CPU
		{FF45A8ED-E1CF-4479-8EFD-458BC8FEF043}.Release|Any CPU.Build.0 = Release|Any CPU
	EndGlobalSection
EndGlobal
